
Microsoft Visual Studio Solution File, Format Version 12.00
# Visual Studio Version 16
VisualStudioVersion = 16.0.29806.167
MinimumVisualStudioVersion = 10.0.40219.1
Project("{FAE04EC0-301F-11D3-BF4B-00C04F79EFBC}") = "hw1", "hw1\hw1.csproj", "{FA696042-45EC-4C4A-80E8-271B91AA0579}"
EndProject
Project("{FAE04EC0-301F-11D3-BF4B-00C04F79EFBC}") = "hw2", "hw2\hw2.csproj", "{0DBDAF27-5A64-4282-B531-56403DA63BBA}"
EndProject
Project("{FAE04EC0-301F-11D3-BF4B-00C04F79EFBC}") = "hw3", "hw3\hw3.csproj", "{59FD3060-8251-4E07-9752-9EC51C1C3763}"
EndProject
Global
	GlobalSection(SolutionConfigurationPlatforms) = preSolution
		Debug|Any CPU = Debug|Any CPU
		Release|Any CPU = Release|Any CPU
	EndGlobalSection
	GlobalSection(ProjectConfigurationPlatforms) = postSolution
		{FA696042-45EC-4C4A-80E8-271B91AA0579}.Debug|Any CPU.ActiveCfg = Debug|Any CPU
		{FA696042-45EC-4C4A-80E8-271B91AA0579}.Debug|Any CPU.Build.0 = Debug|Any CPU
		{FA696042-45EC-4C4A-80E8-271B91AA0579}.Release|Any CPU.ActiveCfg = Release|Any CPU
		{FA696042-45EC-4C4A-80E8-271B91AA0579}.Release|Any CPU.Build.0 = Release|Any CPU
		{0DBDAF27-5A64-4282-B531-56403DA63BBA}.Debug|Any CPU.ActiveCfg = Debug|Any CPU
		{0DBDAF27-5A64-4282-B531-56403DA63BBA}.Debug|Any CPU.Build.0 = Debug|Any CPU
		{0DBDAF27-5A64-4282-B531-56403DA63BBA}.Release|Any CPU.ActiveCfg = Release|Any CPU
		{0DBDAF27-5A64-4282-B531-56403DA63BBA}.Release|Any CPU.Build.0 = Release|Any CPU
		{59FD3060-8251-4E07-9752-9EC51C1C3763}.Debug|Any CPU.ActiveCfg = Debug|Any CPU
		{59FD3060-8251-4E07-9752-9EC51C1C3763}.Debug|Any CPU.Build.0 = Debug|Any CPU
		{59FD3060-8251-4E07-9752-9EC51C1C3763}.Release|Any CPU.ActiveCfg = Release|Any CPU
		{59FD3060-8251-4E07-9752-9EC51C1C3763}.Release|Any CPU.Build.0 = Release|Any CPU
	EndGlobalSection
	GlobalSection(SolutionProperties) = preSolution
		HideSolutionNode = FALSE
	EndGlobalSection
	GlobalSection(ExtensibilityGlobals) = postSolution
		SolutionGuid = {C4CC7817-562D-4B01-AA17-BCC83E8974C7}
	EndGlobalSection
EndGlobal
